
Microsoft Visual Studio Solution File, Format Version 12.00
# Visual Studio Version 17
VisualStudioVersion = 17.13.35825.156 d17.13
MinimumVisualStudioVersion = 10.0.40219.1
Project("{FAE04EC0-301F-11D3-BF4B-00C04F79EFBC}") = "272 Prac 2", "272 Prac 2.csproj", "{B12DE7B4-6093-49C6-AE2B-20F65B2C1716}"
EndProject
Global
	GlobalSection(SolutionConfigurationPlatforms) = preSolution
		Debug|Any CPU = Debug|Any CPU
		Release|Any CPU = Release|Any CPU
	EndGlobalSection
	GlobalSection(ProjectConfigurationPlatforms) = postSolution
		{B12DE7B4-6093-49C6-AE2B-20F65B2C1716}.Debug|Any CPU.ActiveCfg = Debug|Any CPU
		{B12DE7B4-6093-49C6-AE2B-20F65B2C1716}.Debug|Any CPU.Build.0 = Debug|Any CPU
		{B12DE7B4-6093-49C6-AE2B-20F65B2C1716}.Release|Any CPU.ActiveCfg = Release|Any CPU
		{B12DE7B4-6093-49C6-AE2B-20F65B2C1716}.Release|Any CPU.Build.0 = Release|Any CPU
	EndGlobalSection
	GlobalSection(SolutionProperties) = preSolution
		HideSolutionNode = FALSE
	EndGlobalSection
	GlobalSection(ExtensibilityGlobals) = postSolution
		SolutionGuid = {0B8BEFC0-F0F7-4EFF-B375-7E6FF8DAE14B}
	EndGlobalSection
EndGlobal
